
Microsoft Visual Studio Solution File, Format Version 12.00
# Visual Studio Version 16
VisualStudioVersion = 16.0.31613.86
MinimumVisualStudioVersion = 10.0.40219.1
Project("{FAE04EC0-301F-11D3-BF4B-00C04F79EFBC}") = "GC_Final_Project", "GC_Final_Project\GC_Final_Project.csproj", "{4C19B1C1-A205-4A8C-A004-2DD8028CEFDE}"
EndProject
Global
	GlobalSection(SolutionConfigurationPlatforms) = preSolution
		Debug|Any CPU = Debug|Any CPU
		Release|Any CPU = Release|Any CPU
	EndGlobalSection
	GlobalSection(ProjectConfigurationPlatforms) = postSolution
		{4C19B1C1-A205-4A8C-A004-2DD8028CEFDE}.Debug|Any CPU.ActiveCfg = Debug|Any CPU
		{4C19B1C1-A205-4A8C-A004-2DD8028CEFDE}.Debug|Any CPU.Build.0 = Debug|Any CPU
		{4C19B1C1-A205-4A8C-A004-2DD8028CEFDE}.Release|Any CPU.ActiveCfg = Release|Any CPU
		{4C19B1C1-A205-4A8C-A004-2DD8028CEFDE}.Release|Any CPU.Build.0 = Release|Any CPU
	EndGlobalSection
	GlobalSection(SolutionProperties) = preSolution
		HideSolutionNode = FALSE
	EndGlobalSection
	GlobalSection(ExtensibilityGlobals) = postSolution
		SolutionGuid = {8E9C97B9-053A-4675-A17B-41E820256B64}
	EndGlobalSection
EndGlobal
